
Microsoft Visual Studio Solution File, Format Version 12.00
# Visual Studio Version 17
VisualStudioVersion = 17.14.36401.2 d17.14
MinimumVisualStudioVersion = 10.0.40219.1
Project("{FAE04EC0-301F-11D3-BF4B-00C04F79EFBC}") = "ConsoleAppForJenkins", "ConsoleAppForJenkins\ConsoleAppForJenkins.csproj", "{11F0F533-E7CF-4E81-9628-2792BCF96BEE}"
EndProject
Global
	GlobalSection(SolutionConfigurationPlatforms) = preSolution
		Debug|Any CPU = Debug|Any CPU
		Release|Any CPU = Release|Any CPU
	EndGlobalSection
	GlobalSection(ProjectConfigurationPlatforms) = postSolution
		{11F0F533-E7CF-4E81-9628-2792BCF96BEE}.Debug|Any CPU.ActiveCfg = Debug|Any CPU
		{11F0F533-E7CF-4E81-9628-2792BCF96BEE}.Debug|Any CPU.Build.0 = Debug|Any CPU
		{11F0F533-E7CF-4E81-9628-2792BCF96BEE}.Release|Any CPU.ActiveCfg = Release|Any CPU
		{11F0F533-E7CF-4E81-9628-2792BCF96BEE}.Release|Any CPU.Build.0 = Release|Any CPU
	EndGlobalSection
	GlobalSection(SolutionProperties) = preSolution
		HideSolutionNode = FALSE
	EndGlobalSection
	GlobalSection(ExtensibilityGlobals) = postSolution
		SolutionGuid = {09799299-7B2D-4AD1-BBEC-77592873EC7C}
	EndGlobalSection
EndGlobal
